
Microsoft Visual Studio Solution File, Format Version 12.00
# Visual Studio Version 17
VisualStudioVersion = 17.5.002.0
MinimumVisualStudioVersion = 10.0.40219.1
Project("{9A19103F-16F7-4668-BE54-9A1E7A4F7556}") = "Backeng", "Backeng.csproj", "{EB2741A0-1BC2-4636-9171-86B9240BE117}"
EndProject
Global
	GlobalSection(SolutionConfigurationPlatforms) = preSolution
		Debug|Any CPU = Debug|Any CPU
		Release|Any CPU = Release|Any CPU
	EndGlobalSection
	GlobalSection(ProjectConfigurationPlatforms) = postSolution
		{EB2741A0-1BC2-4636-9171-86B9240BE117}.Debug|Any CPU.ActiveCfg = Debug|Any CPU
		{EB2741A0-1BC2-4636-9171-86B9240BE117}.Debug|Any CPU.Build.0 = Debug|Any CPU
		{EB2741A0-1BC2-4636-9171-86B9240BE117}.Release|Any CPU.ActiveCfg = Release|Any CPU
		{EB2741A0-1BC2-4636-9171-86B9240BE117}.Release|Any CPU.Build.0 = Release|Any CPU
	EndGlobalSection
	GlobalSection(SolutionProperties) = preSolution
		HideSolutionNode = FALSE
	EndGlobalSection
	GlobalSection(ExtensibilityGlobals) = postSolution
		SolutionGuid = {9B4A1918-2CFA-4D27-BDBD-05E4CCA812A8}
	EndGlobalSection
EndGlobal
